
Microsoft Visual Studio Solution File, Format Version 12.00
# Visual Studio 2012
Project("{2150E333-8FDC-42A3-9474-1A3956D46DE8}") = "Containers", "Containers", "{6C61507E-FF16-45C8-8FE4-350069D9B4C1}"
EndProject
Project("{FAE04EC0-301F-11D3-BF4B-00C04F79EFBC}") = "Burrows", "Burrows\Burrows.csproj", "{6EFD69FC-CBCC-4F85-AEE0-EFBA73F4D273}"
EndProject
Project("{FAE04EC0-301F-11D3-BF4B-00C04F79EFBC}") = "Burrows.Tests", "Burrows.Tests\Burrows.Tests.csproj", "{76646B96-936B-4D31-A053-35CD630E3C68}"
EndProject
Project("{FAE04EC0-301F-11D3-BF4B-00C04F79EFBC}") = "Burrows.AutofacIntegration", "Containers\Burrows.AutofacIntegration\Burrows.AutofacIntegration.csproj", "{A31F2C6B-C806-46FD-A4F3-C54209DD495C}"
EndProject
Project("{2150E333-8FDC-42A3-9474-1A3956D46DE8}") = "Tools", "Tools", "{02C3B269-A00C-42D9-B4E8-EA7E6C233EBB}"
EndProject
Project("{FAE04EC0-301F-11D3-BF4B-00C04F79EFBC}") = "BusDriver", "Tools\BusDriver\BusDriver.csproj", "{910594A6-E942-4985-B248-6DDB17D316B6}"
EndProject
Project("{2150E333-8FDC-42A3-9474-1A3956D46DE8}") = "Loggers", "Loggers", "{6A938565-BEE9-434C-9A1A-CD2905907554}"
EndProject
Project("{FAE04EC0-301F-11D3-BF4B-00C04F79EFBC}") = "Burrows.Log4NetIntegration", "Loggers\Burrows.Log4NetIntegration\Burrows.Log4NetIntegration.csproj", "{8D2BE372-A756-4676-B2EA-ED7846809BFE}"
EndProject
Project("{FAE04EC0-301F-11D3-BF4B-00C04F79EFBC}") = "Burrows.NLogIntegration", "Loggers\Burrows.NLogIntegration\Burrows.NLogIntegration.csproj", "{F802655A-D5EC-4031-B21F-A3EECCBE02A5}"
EndProject
Project("{2150E333-8FDC-42A3-9474-1A3956D46DE8}") = "Tests", "Tests", "{4D626E2C-218B-47F6-BAA4-DBD792413BF4}"
EndProject
Project("{FAE04EC0-301F-11D3-BF4B-00C04F79EFBC}") = "Burrows.Tests.PublishConsole", "Burrows.Tests.PublishConsole\Burrows.Tests.PublishConsole.csproj", "{CABB4486-07CC-4C1C-9ECB-592EB5DD39B3}"
EndProject
Project("{FAE04EC0-301F-11D3-BF4B-00C04F79EFBC}") = "Burrows.Tests.SubscribeConsole", "Burrows.Tests.SubscribeConsole\Burrows.Tests.SubscribeConsole.csproj", "{ABD6138E-6215-4280-ABD9-374FC8A70942}"
EndProject
Project("{FAE04EC0-301F-11D3-BF4B-00C04F79EFBC}") = "Burrows.Tests.Messages", "Burrows.Tests.Messages\Burrows.Tests.Messages.csproj", "{9B002752-C3CC-4E96-B03C-0D10D7533842}"
EndProject
Project("{FAE04EC0-301F-11D3-BF4B-00C04F79EFBC}") = "Burrows.Tests.Framework", "Burrows.Tests.Framework\Burrows.Tests.Framework.csproj", "{3C4B5F1A-69AD-415E-9F40-A7FDBD7A3012}"
EndProject
Project("{FAE04EC0-301F-11D3-BF4B-00C04F79EFBC}") = "Burrows.Containers.Tests", "Containers\Burrows.Containers.Tests\Burrows.Containers.Tests.csproj", "{9CE51963-9E51-48EE-A75F-62C9CB0CF23C}"
EndProject
Project("{2150E333-8FDC-42A3-9474-1A3956D46DE8}") = ".nuget", ".nuget", "{F4FCFE87-B119-440C-AA55-12E046E6586F}"
	ProjectSection(SolutionItems) = preProject
		.nuget\NuGet.Config = .nuget\NuGet.Config
		.nuget\NuGet.exe = .nuget\NuGet.exe
		.nuget\NuGet.targets = .nuget\NuGet.targets
	EndProjectSection
EndProject
Global
	GlobalSection(SolutionConfigurationPlatforms) = preSolution
		Debug|Any CPU = Debug|Any CPU
		Debug|Mixed Platforms = Debug|Mixed Platforms
		Debug|x86 = Debug|x86
		Dev|Any CPU = Dev|Any CPU
		Dev|Mixed Platforms = Dev|Mixed Platforms
		Dev|x86 = Dev|x86
		Prod|Any CPU = Prod|Any CPU
		Prod|Mixed Platforms = Prod|Mixed Platforms
		Prod|x86 = Prod|x86
		Qa|Any CPU = Qa|Any CPU
		Qa|Mixed Platforms = Qa|Mixed Platforms
		Qa|x86 = Qa|x86
		Release|Any CPU = Release|Any CPU
		Release|Mixed Platforms = Release|Mixed Platforms
		Release|x86 = Release|x86
		Release35|Any CPU = Release35|Any CPU
		Release35|Mixed Platforms = Release35|Mixed Platforms
		Release35|x86 = Release35|x86
		ReleaseUnsigned|Any CPU = ReleaseUnsigned|Any CPU
		ReleaseUnsigned|Mixed Platforms = ReleaseUnsigned|Mixed Platforms
		ReleaseUnsigned|x86 = ReleaseUnsigned|x86
		SI|Any CPU = SI|Any CPU
		SI|Mixed Platforms = SI|Mixed Platforms
		SI|x86 = SI|x86
	EndGlobalSection
	GlobalSection(ProjectConfigurationPlatforms) = postSolution
		{6EFD69FC-CBCC-4F85-AEE0-EFBA73F4D273}.Debug|Any CPU.ActiveCfg = Debug|Any CPU
		{6EFD69FC-CBCC-4F85-AEE0-EFBA73F4D273}.Debug|Any CPU.Build.0 = Debug|Any CPU
		{6EFD69FC-CBCC-4F85-AEE0-EFBA73F4D273}.Debug|Mixed Platforms.ActiveCfg = Debug|Any CPU
		{6EFD69FC-CBCC-4F85-AEE0-EFBA73F4D273}.Debug|Mixed Platforms.Build.0 = Debug|Any CPU
		{6EFD69FC-CBCC-4F85-AEE0-EFBA73F4D273}.Debug|x86.ActiveCfg = Debug|Any CPU
		{6EFD69FC-CBCC-4F85-AEE0-EFBA73F4D273}.Dev|Any CPU.ActiveCfg = Debug|Any CPU
		{6EFD69FC-CBCC-4F85-AEE0-EFBA73F4D273}.Dev|Any CPU.Build.0 = Debug|Any CPU
		{6EFD69FC-CBCC-4F85-AEE0-EFBA73F4D273}.Dev|Mixed Platforms.ActiveCfg = Debug|Any CPU
		{6EFD69FC-CBCC-4F85-AEE0-EFBA73F4D273}.Dev|Mixed Platforms.Build.0 = Debug|Any CPU
		{6EFD69FC-CBCC-4F85-AEE0-EFBA73F4D273}.Dev|x86.ActiveCfg = Debug|Any CPU
		{6EFD69FC-CBCC-4F85-AEE0-EFBA73F4D273}.Prod|Any CPU.ActiveCfg = Release|Any CPU
		{6EFD69FC-CBCC-4F85-AEE0-EFBA73F4D273}.Prod|Any CPU.Build.0 = Release|Any CPU
		{6EFD69FC-CBCC-4F85-AEE0-EFBA73F4D273}.Prod|Mixed Platforms.ActiveCfg = Release|Any CPU
		{6EFD69FC-CBCC-4F85-AEE0-EFBA73F4D273}.Prod|Mixed Platforms.Build.0 = Release|Any CPU
		{6EFD69FC-CBCC-4F85-AEE0-EFBA73F4D273}.Prod|x86.ActiveCfg = Release|Any CPU
		{6EFD69FC-CBCC-4F85-AEE0-EFBA73F4D273}.Qa|Any CPU.ActiveCfg = Release|Any CPU
		{6EFD69FC-CBCC-4F85-AEE0-EFBA73F4D273}.Qa|Any CPU.Build.0 = Release|Any CPU
		{6EFD69FC-CBCC-4F85-AEE0-EFBA73F4D273}.Qa|Mixed Platforms.ActiveCfg = Release|Any CPU
		{6EFD69FC-CBCC-4F85-AEE0-EFBA73F4D273}.Qa|Mixed Platforms.Build.0 = Release|Any CPU
		{6EFD69FC-CBCC-4F85-AEE0-EFBA73F4D273}.Qa|x86.ActiveCfg = Release|Any CPU
		{6EFD69FC-CBCC-4F85-AEE0-EFBA73F4D273}.Release|Any CPU.ActiveCfg = Release|Any CPU
		{6EFD69FC-CBCC-4F85-AEE0-EFBA73F4D273}.Release|Any CPU.Build.0 = Release|Any CPU
		{6EFD69FC-CBCC-4F85-AEE0-EFBA73F4D273}.Release|Mixed Platforms.ActiveCfg = Release|Any CPU
		{6EFD69FC-CBCC-4F85-AEE0-EFBA73F4D273}.Release|Mixed Platforms.Build.0 = Release|Any CPU
		{6EFD69FC-CBCC-4F85-AEE0-EFBA73F4D273}.Release|x86.ActiveCfg = Release|Any CPU
		{6EFD69FC-CBCC-4F85-AEE0-EFBA73F4D273}.Release35|Any CPU.ActiveCfg = Release|Any CPU
		{6EFD69FC-CBCC-4F85-AEE0-EFBA73F4D273}.Release35|Any CPU.Build.0 = Release|Any CPU
		{6EFD69FC-CBCC-4F85-AEE0-EFBA73F4D273}.Release35|Mixed Platforms.ActiveCfg = Release|Any CPU
		{6EFD69FC-CBCC-4F85-AEE0-EFBA73F4D273}.Release35|Mixed Platforms.Build.0 = Release|Any CPU
		{6EFD69FC-CBCC-4F85-AEE0-EFBA73F4D273}.Release35|x86.ActiveCfg = Release|Any CPU
		{6EFD69FC-CBCC-4F85-AEE0-EFBA73F4D273}.ReleaseUnsigned|Any CPU.ActiveCfg = Release|Any CPU
		{6EFD69FC-CBCC-4F85-AEE0-EFBA73F4D273}.ReleaseUnsigned|Any CPU.Build.0 = Release|Any CPU
		{6EFD69FC-CBCC-4F85-AEE0-EFBA73F4D273}.ReleaseUnsigned|Mixed Platforms.ActiveCfg = Release|Any CPU
		{6EFD69FC-CBCC-4F85-AEE0-EFBA73F4D273}.ReleaseUnsigned|Mixed Platforms.Build.0 = Release|Any CPU
		{6EFD69FC-CBCC-4F85-AEE0-EFBA73F4D273}.ReleaseUnsigned|x86.ActiveCfg = Release|Any CPU
		{6EFD69FC-CBCC-4F85-AEE0-EFBA73F4D273}.SI|Any CPU.ActiveCfg = Release|Any CPU
		{6EFD69FC-CBCC-4F85-AEE0-EFBA73F4D273}.SI|Any CPU.Build.0 = Release|Any CPU
		{6EFD69FC-CBCC-4F85-AEE0-EFBA73F4D273}.SI|Mixed Platforms.ActiveCfg = Release|Any CPU
		{6EFD69FC-CBCC-4F85-AEE0-EFBA73F4D273}.SI|Mixed Platforms.Build.0 = Release|Any CPU
		{6EFD69FC-CBCC-4F85-AEE0-EFBA73F4D273}.SI|x86.ActiveCfg = Release|Any CPU
		{76646B96-936B-4D31-A053-35CD630E3C68}.Debug|Any CPU.ActiveCfg = Debug|Any CPU
		{76646B96-936B-4D31-A053-35CD630E3C68}.Debug|Any CPU.Build.0 = Debug|Any CPU
		{76646B96-936B-4D31-A053-35CD630E3C68}.Debug|Mixed Platforms.ActiveCfg = Debug|Any CPU
		{76646B96-936B-4D31-A053-35CD630E3C68}.Debug|Mixed Platforms.Build.0 = Debug|Any CPU
		{76646B96-936B-4D31-A053-35CD630E3C68}.Debug|x86.ActiveCfg = Debug|Any CPU
		{76646B96-936B-4D31-A053-35CD630E3C68}.Dev|Any CPU.ActiveCfg = Debug|Any CPU
		{76646B96-936B-4D31-A053-35CD630E3C68}.Dev|Any CPU.Build.0 = Debug|Any CPU
		{76646B96-936B-4D31-A053-35CD630E3C68}.Dev|Mixed Platforms.ActiveCfg = Debug|Any CPU
		{76646B96-936B-4D31-A053-35CD630E3C68}.Dev|Mixed Platforms.Build.0 = Debug|Any CPU
		{76646B96-936B-4D31-A053-35CD630E3C68}.Dev|x86.ActiveCfg = Debug|Any CPU
		{76646B96-936B-4D31-A053-35CD630E3C68}.Prod|Any CPU.ActiveCfg = Release|Any CPU
		{76646B96-936B-4D31-A053-35CD630E3C68}.Prod|Any CPU.Build.0 = Release|Any CPU
		{76646B96-936B-4D31-A053-35CD630E3C68}.Prod|Mixed Platforms.ActiveCfg = Release|Any CPU
		{76646B96-936B-4D31-A053-35CD630E3C68}.Prod|Mixed Platforms.Build.0 = Release|Any CPU
		{76646B96-936B-4D31-A053-35CD630E3C68}.Prod|x86.ActiveCfg = Release|Any CPU
		{76646B96-936B-4D31-A053-35CD630E3C68}.Qa|Any CPU.ActiveCfg = Release|Any CPU
		{76646B96-936B-4D31-A053-35CD630E3C68}.Qa|Any CPU.Build.0 = Release|Any CPU
		{76646B96-936B-4D31-A053-35CD630E3C68}.Qa|Mixed Platforms.ActiveCfg = Release|Any CPU
		{76646B96-936B-4D31-A053-35CD630E3C68}.Qa|Mixed Platforms.Build.0 = Release|Any CPU
		{76646B96-936B-4D31-A053-35CD630E3C68}.Qa|x86.ActiveCfg = Release|Any CPU
		{76646B96-936B-4D31-A053-35CD630E3C68}.Release|Any CPU.ActiveCfg = Release|Any CPU
		{76646B96-936B-4D31-A053-35CD630E3C68}.Release|Any CPU.Build.0 = Release|Any CPU
		{76646B96-936B-4D31-A053-35CD630E3C68}.Release|Mixed Platforms.ActiveCfg = Release|Any CPU
		{76646B96-936B-4D31-A053-35CD630E3C68}.Release|Mixed Platforms.Build.0 = Release|Any CPU
		{76646B96-936B-4D31-A053-35CD630E3C68}.Release|x86.ActiveCfg = Release|Any CPU
		{76646B96-936B-4D31-A053-35CD630E3C68}.Release35|Any CPU.ActiveCfg = Release|Any CPU
		{76646B96-936B-4D31-A053-35CD630E3C68}.Release35|Any CPU.Build.0 = Release|Any CPU
		{76646B96-936B-4D31-A053-35CD630E3C68}.Release35|Mixed Platforms.ActiveCfg = Release|Any CPU
		{76646B96-936B-4D31-A053-35CD630E3C68}.Release35|Mixed Platforms.Build.0 = Release|Any CPU
		{76646B96-936B-4D31-A053-35CD630E3C68}.Release35|x86.ActiveCfg = Release|Any CPU
		{76646B96-936B-4D31-A053-35CD630E3C68}.ReleaseUnsigned|Any CPU.ActiveCfg = Release|Any CPU
		{76646B96-936B-4D31-A053-35CD630E3C68}.ReleaseUnsigned|Mixed Platforms.ActiveCfg = Release|Any CPU
		{76646B96-936B-4D31-A053-35CD630E3C68}.ReleaseUnsigned|Mixed Platforms.Build.0 = Release|Any CPU
		{76646B96-936B-4D31-A053-35CD630E3C68}.ReleaseUnsigned|x86.ActiveCfg = Release|Any CPU
		{76646B96-936B-4D31-A053-35CD630E3C68}.SI|Any CPU.ActiveCfg = Release|Any CPU
		{76646B96-936B-4D31-A053-35CD630E3C68}.SI|Any CPU.Build.0 = Release|Any CPU
		{76646B96-936B-4D31-A053-35CD630E3C68}.SI|Mixed Platforms.ActiveCfg = Release|Any CPU
		{76646B96-936B-4D31-A053-35CD630E3C68}.SI|Mixed Platforms.Build.0 = Release|Any CPU
		{76646B96-936B-4D31-A053-35CD630E3C68}.SI|x86.ActiveCfg = Release|Any CPU
		{A31F2C6B-C806-46FD-A4F3-C54209DD495C}.Debug|Any CPU.ActiveCfg = Debug|Any CPU
		{A31F2C6B-C806-46FD-A4F3-C54209DD495C}.Debug|Any CPU.Build.0 = Debug|Any CPU
		{A31F2C6B-C806-46FD-A4F3-C54209DD495C}.Debug|Mixed Platforms.ActiveCfg = Debug|Any CPU
		{A31F2C6B-C806-46FD-A4F3-C54209DD495C}.Debug|Mixed Platforms.Build.0 = Debug|Any CPU
		{A31F2C6B-C806-46FD-A4F3-C54209DD495C}.Debug|x86.ActiveCfg = Debug|Any CPU
		{A31F2C6B-C806-46FD-A4F3-C54209DD495C}.Dev|Any CPU.ActiveCfg = Debug|Any CPU
		{A31F2C6B-C806-46FD-A4F3-C54209DD495C}.Dev|Any CPU.Build.0 = Debug|Any CPU
		{A31F2C6B-C806-46FD-A4F3-C54209DD495C}.Dev|Mixed Platforms.ActiveCfg = Debug|Any CPU
		{A31F2C6B-C806-46FD-A4F3-C54209DD495C}.Dev|Mixed Platforms.Build.0 = Debug|Any CPU
		{A31F2C6B-C806-46FD-A4F3-C54209DD495C}.Dev|x86.ActiveCfg = Debug|Any CPU
		{A31F2C6B-C806-46FD-A4F3-C54209DD495C}.Prod|Any CPU.ActiveCfg = Release|Any CPU
		{A31F2C6B-C806-46FD-A4F3-C54209DD495C}.Prod|Any CPU.Build.0 = Release|Any CPU
		{A31F2C6B-C806-46FD-A4F3-C54209DD495C}.Prod|Mixed Platforms.ActiveCfg = Release|Any CPU
		{A31F2C6B-C806-46FD-A4F3-C54209DD495C}.Prod|Mixed Platforms.Build.0 = Release|Any CPU
		{A31F2C6B-C806-46FD-A4F3-C54209DD495C}.Prod|x86.ActiveCfg = Release|Any CPU
		{A31F2C6B-C806-46FD-A4F3-C54209DD495C}.Qa|Any CPU.ActiveCfg = Release|Any CPU
		{A31F2C6B-C806-46FD-A4F3-C54209DD495C}.Qa|Any CPU.Build.0 = Release|Any CPU
		{A31F2C6B-C806-46FD-A4F3-C54209DD495C}.Qa|Mixed Platforms.ActiveCfg = Release|Any CPU
		{A31F2C6B-C806-46FD-A4F3-C54209DD495C}.Qa|Mixed Platforms.Build.0 = Release|Any CPU
		{A31F2C6B-C806-46FD-A4F3-C54209DD495C}.Qa|x86.ActiveCfg = Release|Any CPU
		{A31F2C6B-C806-46FD-A4F3-C54209DD495C}.Release|Any CPU.ActiveCfg = Release|Any CPU
		{A31F2C6B-C806-46FD-A4F3-C54209DD495C}.Release|Any CPU.Build.0 = Release|Any CPU
		{A31F2C6B-C806-46FD-A4F3-C54209DD495C}.Release|Mixed Platforms.ActiveCfg = Release|Any CPU
		{A31F2C6B-C806-46FD-A4F3-C54209DD495C}.Release|Mixed Platforms.Build.0 = Release|Any CPU
		{A31F2C6B-C806-46FD-A4F3-C54209DD495C}.Release|x86.ActiveCfg = Release|Any CPU
		{A31F2C6B-C806-46FD-A4F3-C54209DD495C}.Release35|Any CPU.ActiveCfg = Release|Any CPU
		{A31F2C6B-C806-46FD-A4F3-C54209DD495C}.Release35|Any CPU.Build.0 = Release|Any CPU
		{A31F2C6B-C806-46FD-A4F3-C54209DD495C}.Release35|Mixed Platforms.ActiveCfg = Release|Any CPU
		{A31F2C6B-C806-46FD-A4F3-C54209DD495C}.Release35|Mixed Platforms.Build.0 = Release|Any CPU
		{A31F2C6B-C806-46FD-A4F3-C54209DD495C}.Release35|x86.ActiveCfg = Release|Any CPU
		{A31F2C6B-C806-46FD-A4F3-C54209DD495C}.ReleaseUnsigned|Any CPU.ActiveCfg = Release|Any CPU
		{A31F2C6B-C806-46FD-A4F3-C54209DD495C}.ReleaseUnsigned|Mixed Platforms.ActiveCfg = Release|Any CPU
		{A31F2C6B-C806-46FD-A4F3-C54209DD495C}.ReleaseUnsigned|Mixed Platforms.Build.0 = Release|Any CPU
		{A31F2C6B-C806-46FD-A4F3-C54209DD495C}.ReleaseUnsigned|x86.ActiveCfg = Release|Any CPU
		{A31F2C6B-C806-46FD-A4F3-C54209DD495C}.SI|Any CPU.ActiveCfg = Release|Any CPU
		{A31F2C6B-C806-46FD-A4F3-C54209DD495C}.SI|Any CPU.Build.0 = Release|Any CPU
		{A31F2C6B-C806-46FD-A4F3-C54209DD495C}.SI|Mixed Platforms.ActiveCfg = Release|Any CPU
		{A31F2C6B-C806-46FD-A4F3-C54209DD495C}.SI|Mixed Platforms.Build.0 = Release|Any CPU
		{A31F2C6B-C806-46FD-A4F3-C54209DD495C}.SI|x86.ActiveCfg = Release|Any CPU
		{910594A6-E942-4985-B248-6DDB17D316B6}.Debug|Any CPU.ActiveCfg = Debug|Any CPU
		{910594A6-E942-4985-B248-6DDB17D316B6}.Debug|Any CPU.Build.0 = Debug|Any CPU
		{910594A6-E942-4985-B248-6DDB17D316B6}.Debug|Mixed Platforms.ActiveCfg = Debug|Any CPU
		{910594A6-E942-4985-B248-6DDB17D316B6}.Debug|Mixed Platforms.Build.0 = Debug|Any CPU
		{910594A6-E942-4985-B248-6DDB17D316B6}.Debug|x86.ActiveCfg = Debug|Any CPU
		{910594A6-E942-4985-B248-6DDB17D316B6}.Dev|Any CPU.ActiveCfg = Debug|Any CPU
		{910594A6-E942-4985-B248-6DDB17D316B6}.Dev|Any CPU.Build.0 = Debug|Any CPU
		{910594A6-E942-4985-B248-6DDB17D316B6}.Dev|Mixed Platforms.ActiveCfg = Debug|Any CPU
		{910594A6-E942-4985-B248-6DDB17D316B6}.Dev|Mixed Platforms.Build.0 = Debug|Any CPU
		{910594A6-E942-4985-B248-6DDB17D316B6}.Dev|x86.ActiveCfg = Debug|Any CPU
		{910594A6-E942-4985-B248-6DDB17D316B6}.Prod|Any CPU.ActiveCfg = Release|Any CPU
		{910594A6-E942-4985-B248-6DDB17D316B6}.Prod|Any CPU.Build.0 = Release|Any CPU
		{910594A6-E942-4985-B248-6DDB17D316B6}.Prod|Mixed Platforms.ActiveCfg = Release|Any CPU
		{910594A6-E942-4985-B248-6DDB17D316B6}.Prod|Mixed Platforms.Build.0 = Release|Any CPU
		{910594A6-E942-4985-B248-6DDB17D316B6}.Prod|x86.ActiveCfg = Release|Any CPU
		{910594A6-E942-4985-B248-6DDB17D316B6}.Qa|Any CPU.ActiveCfg = Release|Any CPU
		{910594A6-E942-4985-B248-6DDB17D316B6}.Qa|Any CPU.Build.0 = Release|Any CPU
		{910594A6-E942-4985-B248-6DDB17D316B6}.Qa|Mixed Platforms.ActiveCfg = Release|Any CPU
		{910594A6-E942-4985-B248-6DDB17D316B6}.Qa|Mixed Platforms.Build.0 = Release|Any CPU
		{910594A6-E942-4985-B248-6DDB17D316B6}.Qa|x86.ActiveCfg = Release|Any CPU
		{910594A6-E942-4985-B248-6DDB17D316B6}.Release|Any CPU.ActiveCfg = Release|Any CPU
		{910594A6-E942-4985-B248-6DDB17D316B6}.Release|Any CPU.Build.0 = Release|Any CPU
		{910594A6-E942-4985-B248-6DDB17D316B6}.Release|Mixed Platforms.ActiveCfg = Release|Any CPU
		{910594A6-E942-4985-B248-6DDB17D316B6}.Release|Mixed Platforms.Build.0 = Release|Any CPU
		{910594A6-E942-4985-B248-6DDB17D316B6}.Release|x86.ActiveCfg = Release|Any CPU
		{910594A6-E942-4985-B248-6DDB17D316B6}.Release35|Any CPU.ActiveCfg = Release|Any CPU
		{910594A6-E942-4985-B248-6DDB17D316B6}.Release35|Mixed Platforms.ActiveCfg = Release|Any CPU
		{910594A6-E942-4985-B248-6DDB17D316B6}.Release35|Mixed Platforms.Build.0 = Release|Any CPU
		{910594A6-E942-4985-B248-6DDB17D316B6}.Release35|x86.ActiveCfg = Release|Any CPU
		{910594A6-E942-4985-B248-6DDB17D316B6}.ReleaseUnsigned|Any CPU.ActiveCfg = Release|Any CPU
		{910594A6-E942-4985-B248-6DDB17D316B6}.ReleaseUnsigned|Mixed Platforms.ActiveCfg = Release|Any CPU
		{910594A6-E942-4985-B248-6DDB17D316B6}.ReleaseUnsigned|Mixed Platforms.Build.0 = Release|Any CPU
		{910594A6-E942-4985-B248-6DDB17D316B6}.ReleaseUnsigned|x86.ActiveCfg = Release|Any CPU
		{910594A6-E942-4985-B248-6DDB17D316B6}.SI|Any CPU.ActiveCfg = Release|Any CPU
		{910594A6-E942-4985-B248-6DDB17D316B6}.SI|Any CPU.Build.0 = Release|Any CPU
		{910594A6-E942-4985-B248-6DDB17D316B6}.SI|Mixed Platforms.ActiveCfg = Release|Any CPU
		{910594A6-E942-4985-B248-6DDB17D316B6}.SI|Mixed Platforms.Build.0 = Release|Any CPU
		{910594A6-E942-4985-B248-6DDB17D316B6}.SI|x86.ActiveCfg = Release|Any CPU
		{8D2BE372-A756-4676-B2EA-ED7846809BFE}.Debug|Any CPU.ActiveCfg = Debug|Any CPU
		{8D2BE372-A756-4676-B2EA-ED7846809BFE}.Debug|Any CPU.Build.0 = Debug|Any CPU
		{8D2BE372-A756-4676-B2EA-ED7846809BFE}.Debug|Mixed Platforms.ActiveCfg = Debug|Any CPU
		{8D2BE372-A756-4676-B2EA-ED7846809BFE}.Debug|Mixed Platforms.Build.0 = Debug|Any CPU
		{8D2BE372-A756-4676-B2EA-ED7846809BFE}.Debug|x86.ActiveCfg = Debug|Any CPU
		{8D2BE372-A756-4676-B2EA-ED7846809BFE}.Dev|Any CPU.ActiveCfg = Debug|Any CPU
		{8D2BE372-A756-4676-B2EA-ED7846809BFE}.Dev|Any CPU.Build.0 = Debug|Any CPU
		{8D2BE372-A756-4676-B2EA-ED7846809BFE}.Dev|Mixed Platforms.ActiveCfg = Debug|Any CPU
		{8D2BE372-A756-4676-B2EA-ED7846809BFE}.Dev|Mixed Platforms.Build.0 = Debug|Any CPU
		{8D2BE372-A756-4676-B2EA-ED7846809BFE}.Dev|x86.ActiveCfg = Debug|Any CPU
		{8D2BE372-A756-4676-B2EA-ED7846809BFE}.Prod|Any CPU.ActiveCfg = Release|Any CPU
		{8D2BE372-A756-4676-B2EA-ED7846809BFE}.Prod|Any CPU.Build.0 = Release|Any CPU
		{8D2BE372-A756-4676-B2EA-ED7846809BFE}.Prod|Mixed Platforms.ActiveCfg = Release|Any CPU
		{8D2BE372-A756-4676-B2EA-ED7846809BFE}.Prod|Mixed Platforms.Build.0 = Release|Any CPU
		{8D2BE372-A756-4676-B2EA-ED7846809BFE}.Prod|x86.ActiveCfg = Release|Any CPU
		{8D2BE372-A756-4676-B2EA-ED7846809BFE}.Qa|Any CPU.ActiveCfg = Release|Any CPU
		{8D2BE372-A756-4676-B2EA-ED7846809BFE}.Qa|Any CPU.Build.0 = Release|Any CPU
		{8D2BE372-A756-4676-B2EA-ED7846809BFE}.Qa|Mixed Platforms.ActiveCfg = Release|Any CPU
		{8D2BE372-A756-4676-B2EA-ED7846809BFE}.Qa|Mixed Platforms.Build.0 = Release|Any CPU
		{8D2BE372-A756-4676-B2EA-ED7846809BFE}.Qa|x86.ActiveCfg = Release|Any CPU
		{8D2BE372-A756-4676-B2EA-ED7846809BFE}.Release|Any CPU.ActiveCfg = Release|Any CPU
		{8D2BE372-A756-4676-B2EA-ED7846809BFE}.Release|Any CPU.Build.0 = Release|Any CPU
		{8D2BE372-A756-4676-B2EA-ED7846809BFE}.Release|Mixed Platforms.ActiveCfg = Release|Any CPU
		{8D2BE372-A756-4676-B2EA-ED7846809BFE}.Release|Mixed Platforms.Build.0 = Release|Any CPU
		{8D2BE372-A756-4676-B2EA-ED7846809BFE}.Release|x86.ActiveCfg = Release|Any CPU
		{8D2BE372-A756-4676-B2EA-ED7846809BFE}.Release35|Any CPU.ActiveCfg = Release|Any CPU
		{8D2BE372-A756-4676-B2EA-ED7846809BFE}.Release35|Any CPU.Build.0 = Release|Any CPU
		{8D2BE372-A756-4676-B2EA-ED7846809BFE}.Release35|Mixed Platforms.ActiveCfg = Release|Any CPU
		{8D2BE372-A756-4676-B2EA-ED7846809BFE}.Release35|Mixed Platforms.Build.0 = Release|Any CPU
		{8D2BE372-A756-4676-B2EA-ED7846809BFE}.Release35|x86.ActiveCfg = Release|Any CPU
		{8D2BE372-A756-4676-B2EA-ED7846809BFE}.ReleaseUnsigned|Any CPU.ActiveCfg = Release|Any CPU
		{8D2BE372-A756-4676-B2EA-ED7846809BFE}.ReleaseUnsigned|Any CPU.Build.0 = Release|Any CPU
		{8D2BE372-A756-4676-B2EA-ED7846809BFE}.ReleaseUnsigned|Mixed Platforms.ActiveCfg = Release|Any CPU
		{8D2BE372-A756-4676-B2EA-ED7846809BFE}.ReleaseUnsigned|Mixed Platforms.Build.0 = Release|Any CPU
		{8D2BE372-A756-4676-B2EA-ED7846809BFE}.ReleaseUnsigned|x86.ActiveCfg = Release|Any CPU
		{8D2BE372-A756-4676-B2EA-ED7846809BFE}.SI|Any CPU.ActiveCfg = Release|Any CPU
		{8D2BE372-A756-4676-B2EA-ED7846809BFE}.SI|Any CPU.Build.0 = Release|Any CPU
		{8D2BE372-A756-4676-B2EA-ED7846809BFE}.SI|Mixed Platforms.ActiveCfg = Release|Any CPU
		{8D2BE372-A756-4676-B2EA-ED7846809BFE}.SI|Mixed Platforms.Build.0 = Release|Any CPU
		{8D2BE372-A756-4676-B2EA-ED7846809BFE}.SI|x86.ActiveCfg = Release|Any CPU
		{F802655A-D5EC-4031-B21F-A3EECCBE02A5}.Debug|Any CPU.ActiveCfg = Debug|Any CPU
		{F802655A-D5EC-4031-B21F-A3EECCBE02A5}.Debug|Any CPU.Build.0 = Debug|Any CPU
		{F802655A-D5EC-4031-B21F-A3EECCBE02A5}.Debug|Mixed Platforms.ActiveCfg = Debug|Any CPU
		{F802655A-D5EC-4031-B21F-A3EECCBE02A5}.Debug|Mixed Platforms.Build.0 = Debug|Any CPU
		{F802655A-D5EC-4031-B21F-A3EECCBE02A5}.Debug|x86.ActiveCfg = Debug|Any CPU
		{F802655A-D5EC-4031-B21F-A3EECCBE02A5}.Dev|Any CPU.ActiveCfg = Debug|Any CPU
		{F802655A-D5EC-4031-B21F-A3EECCBE02A5}.Dev|Any CPU.Build.0 = Debug|Any CPU
		{F802655A-D5EC-4031-B21F-A3EECCBE02A5}.Dev|Mixed Platforms.ActiveCfg = Debug|Any CPU
		{F802655A-D5EC-4031-B21F-A3EECCBE02A5}.Dev|Mixed Platforms.Build.0 = Debug|Any CPU
		{F802655A-D5EC-4031-B21F-A3EECCBE02A5}.Dev|x86.ActiveCfg = Debug|Any CPU
		{F802655A-D5EC-4031-B21F-A3EECCBE02A5}.Prod|Any CPU.ActiveCfg = Release|Any CPU
		{F802655A-D5EC-4031-B21F-A3EECCBE02A5}.Prod|Any CPU.Build.0 = Release|Any CPU
		{F802655A-D5EC-4031-B21F-A3EECCBE02A5}.Prod|Mixed Platforms.ActiveCfg = Release|Any CPU
		{F802655A-D5EC-4031-B21F-A3EECCBE02A5}.Prod|Mixed Platforms.Build.0 = Release|Any CPU
		{F802655A-D5EC-4031-B21F-A3EECCBE02A5}.Prod|x86.ActiveCfg = Release|Any CPU
		{F802655A-D5EC-4031-B21F-A3EECCBE02A5}.Qa|Any CPU.ActiveCfg = Release|Any CPU
		{F802655A-D5EC-4031-B21F-A3EECCBE02A5}.Qa|Any CPU.Build.0 = Release|Any CPU
		{F802655A-D5EC-4031-B21F-A3EECCBE02A5}.Qa|Mixed Platforms.ActiveCfg = Release|Any CPU
		{F802655A-D5EC-4031-B21F-A3EECCBE02A5}.Qa|Mixed Platforms.Build.0 = Release|Any CPU
		{F802655A-D5EC-4031-B21F-A3EECCBE02A5}.Qa|x86.ActiveCfg = Release|Any CPU
		{F802655A-D5EC-4031-B21F-A3EECCBE02A5}.Release|Any CPU.ActiveCfg = Release|Any CPU
		{F802655A-D5EC-4031-B21F-A3EECCBE02A5}.Release|Any CPU.Build.0 = Release|Any CPU
		{F802655A-D5EC-4031-B21F-A3EECCBE02A5}.Release|Mixed Platforms.ActiveCfg = Release|Any CPU
		{F802655A-D5EC-4031-B21F-A3EECCBE02A5}.Release|Mixed Platforms.Build.0 = Release|Any CPU
		{F802655A-D5EC-4031-B21F-A3EECCBE02A5}.Release|x86.ActiveCfg = Release|Any CPU
		{F802655A-D5EC-4031-B21F-A3EECCBE02A5}.Release35|Any CPU.ActiveCfg = Release|Any CPU
		{F802655A-D5EC-4031-B21F-A3EECCBE02A5}.Release35|Any CPU.Build.0 = Release|Any CPU
		{F802655A-D5EC-4031-B21F-A3EECCBE02A5}.Release35|Mixed Platforms.ActiveCfg = Release|Any CPU
		{F802655A-D5EC-4031-B21F-A3EECCBE02A5}.Release35|Mixed Platforms.Build.0 = Release|Any CPU
		{F802655A-D5EC-4031-B21F-A3EECCBE02A5}.Release35|x86.ActiveCfg = Release|Any CPU
		{F802655A-D5EC-4031-B21F-A3EECCBE02A5}.ReleaseUnsigned|Any CPU.ActiveCfg = Release|Any CPU
		{F802655A-D5EC-4031-B21F-A3EECCBE02A5}.ReleaseUnsigned|Mixed Platforms.ActiveCfg = Release|Any CPU
		{F802655A-D5EC-4031-B21F-A3EECCBE02A5}.ReleaseUnsigned|Mixed Platforms.Build.0 = Release|Any CPU
		{F802655A-D5EC-4031-B21F-A3EECCBE02A5}.ReleaseUnsigned|x86.ActiveCfg = Release|Any CPU
		{F802655A-D5EC-4031-B21F-A3EECCBE02A5}.SI|Any CPU.ActiveCfg = Release|Any CPU
		{F802655A-D5EC-4031-B21F-A3EECCBE02A5}.SI|Any CPU.Build.0 = Release|Any CPU
		{F802655A-D5EC-4031-B21F-A3EECCBE02A5}.SI|Mixed Platforms.ActiveCfg = Release|Any CPU
		{F802655A-D5EC-4031-B21F-A3EECCBE02A5}.SI|Mixed Platforms.Build.0 = Release|Any CPU
		{F802655A-D5EC-4031-B21F-A3EECCBE02A5}.SI|x86.ActiveCfg = Release|Any CPU
		{CABB4486-07CC-4C1C-9ECB-592EB5DD39B3}.Debug|Any CPU.ActiveCfg = Debug|x86
		{CABB4486-07CC-4C1C-9ECB-592EB5DD39B3}.Debug|Mixed Platforms.ActiveCfg = Debug|x86
		{CABB4486-07CC-4C1C-9ECB-592EB5DD39B3}.Debug|Mixed Platforms.Build.0 = Debug|x86
		{CABB4486-07CC-4C1C-9ECB-592EB5DD39B3}.Debug|x86.ActiveCfg = Debug|x86
		{CABB4486-07CC-4C1C-9ECB-592EB5DD39B3}.Debug|x86.Build.0 = Debug|x86
		{CABB4486-07CC-4C1C-9ECB-592EB5DD39B3}.Dev|Any CPU.ActiveCfg = Dev|x86
		{CABB4486-07CC-4C1C-9ECB-592EB5DD39B3}.Dev|Mixed Platforms.ActiveCfg = Dev|x86
		{CABB4486-07CC-4C1C-9ECB-592EB5DD39B3}.Dev|Mixed Platforms.Build.0 = Dev|x86
		{CABB4486-07CC-4C1C-9ECB-592EB5DD39B3}.Dev|x86.ActiveCfg = Dev|x86
		{CABB4486-07CC-4C1C-9ECB-592EB5DD39B3}.Dev|x86.Build.0 = Dev|x86
		{CABB4486-07CC-4C1C-9ECB-592EB5DD39B3}.Prod|Any CPU.ActiveCfg = Prod|x86
		{CABB4486-07CC-4C1C-9ECB-592EB5DD39B3}.Prod|Mixed Platforms.ActiveCfg = Prod|x86
		{CABB4486-07CC-4C1C-9ECB-592EB5DD39B3}.Prod|Mixed Platforms.Build.0 = Prod|x86
		{CABB4486-07CC-4C1C-9ECB-592EB5DD39B3}.Prod|x86.ActiveCfg = Prod|x86
		{CABB4486-07CC-4C1C-9ECB-592EB5DD39B3}.Prod|x86.Build.0 = Prod|x86
		{CABB4486-07CC-4C1C-9ECB-592EB5DD39B3}.Qa|Any CPU.ActiveCfg = Qa|x86
		{CABB4486-07CC-4C1C-9ECB-592EB5DD39B3}.Qa|Mixed Platforms.ActiveCfg = Qa|x86
		{CABB4486-07CC-4C1C-9ECB-592EB5DD39B3}.Qa|Mixed Platforms.Build.0 = Qa|x86
		{CABB4486-07CC-4C1C-9ECB-592EB5DD39B3}.Qa|x86.ActiveCfg = Qa|x86
		{CABB4486-07CC-4C1C-9ECB-592EB5DD39B3}.Qa|x86.Build.0 = Qa|x86
		{CABB4486-07CC-4C1C-9ECB-592EB5DD39B3}.Release|Any CPU.ActiveCfg = Release|x86
		{CABB4486-07CC-4C1C-9ECB-592EB5DD39B3}.Release|Mixed Platforms.ActiveCfg = Release|x86
		{CABB4486-07CC-4C1C-9ECB-592EB5DD39B3}.Release|Mixed Platforms.Build.0 = Release|x86
		{CABB4486-07CC-4C1C-9ECB-592EB5DD39B3}.Release|x86.ActiveCfg = Release|x86
		{CABB4486-07CC-4C1C-9ECB-592EB5DD39B3}.Release|x86.Build.0 = Release|x86
		{CABB4486-07CC-4C1C-9ECB-592EB5DD39B3}.Release35|Any CPU.ActiveCfg = Release|x86
		{CABB4486-07CC-4C1C-9ECB-592EB5DD39B3}.Release35|Mixed Platforms.ActiveCfg = Release|x86
		{CABB4486-07CC-4C1C-9ECB-592EB5DD39B3}.Release35|Mixed Platforms.Build.0 = Release|x86
		{CABB4486-07CC-4C1C-9ECB-592EB5DD39B3}.Release35|x86.ActiveCfg = Release|x86
		{CABB4486-07CC-4C1C-9ECB-592EB5DD39B3}.Release35|x86.Build.0 = Release|x86
		{CABB4486-07CC-4C1C-9ECB-592EB5DD39B3}.ReleaseUnsigned|Any CPU.ActiveCfg = Release|x86
		{CABB4486-07CC-4C1C-9ECB-592EB5DD39B3}.ReleaseUnsigned|Mixed Platforms.ActiveCfg = Release|x86
		{CABB4486-07CC-4C1C-9ECB-592EB5DD39B3}.ReleaseUnsigned|Mixed Platforms.Build.0 = Release|x86
		{CABB4486-07CC-4C1C-9ECB-592EB5DD39B3}.ReleaseUnsigned|x86.ActiveCfg = Release|x86
		{CABB4486-07CC-4C1C-9ECB-592EB5DD39B3}.ReleaseUnsigned|x86.Build.0 = Release|x86
		{CABB4486-07CC-4C1C-9ECB-592EB5DD39B3}.SI|Any CPU.ActiveCfg = SI|x86
		{CABB4486-07CC-4C1C-9ECB-592EB5DD39B3}.SI|Mixed Platforms.ActiveCfg = SI|x86
		{CABB4486-07CC-4C1C-9ECB-592EB5DD39B3}.SI|Mixed Platforms.Build.0 = SI|x86
		{CABB4486-07CC-4C1C-9ECB-592EB5DD39B3}.SI|x86.ActiveCfg = SI|x86
		{CABB4486-07CC-4C1C-9ECB-592EB5DD39B3}.SI|x86.Build.0 = SI|x86
		{ABD6138E-6215-4280-ABD9-374FC8A70942}.Debug|Any CPU.ActiveCfg = Debug|x86
		{ABD6138E-6215-4280-ABD9-374FC8A70942}.Debug|Mixed Platforms.ActiveCfg = Debug|x86
		{ABD6138E-6215-4280-ABD9-374FC8A70942}.Debug|Mixed Platforms.Build.0 = Debug|x86
		{ABD6138E-6215-4280-ABD9-374FC8A70942}.Debug|x86.ActiveCfg = Debug|x86
		{ABD6138E-6215-4280-ABD9-374FC8A70942}.Debug|x86.Build.0 = Debug|x86
		{ABD6138E-6215-4280-ABD9-374FC8A70942}.Dev|Any CPU.ActiveCfg = Dev|x86
		{ABD6138E-6215-4280-ABD9-374FC8A70942}.Dev|Mixed Platforms.ActiveCfg = Dev|x86
		{ABD6138E-6215-4280-ABD9-374FC8A70942}.Dev|Mixed Platforms.Build.0 = Dev|x86
		{ABD6138E-6215-4280-ABD9-374FC8A70942}.Dev|x86.ActiveCfg = Dev|x86
		{ABD6138E-6215-4280-ABD9-374FC8A70942}.Dev|x86.Build.0 = Dev|x86
		{ABD6138E-6215-4280-ABD9-374FC8A70942}.Prod|Any CPU.ActiveCfg = Prod|x86
		{ABD6138E-6215-4280-ABD9-374FC8A70942}.Prod|Mixed Platforms.ActiveCfg = Prod|x86
		{ABD6138E-6215-4280-ABD9-374FC8A70942}.Prod|Mixed Platforms.Build.0 = Prod|x86
		{ABD6138E-6215-4280-ABD9-374FC8A70942}.Prod|x86.ActiveCfg = Prod|x86
		{ABD6138E-6215-4280-ABD9-374FC8A70942}.Prod|x86.Build.0 = Prod|x86
		{ABD6138E-6215-4280-ABD9-374FC8A70942}.Qa|Any CPU.ActiveCfg = Qa|x86
		{ABD6138E-6215-4280-ABD9-374FC8A70942}.Qa|Mixed Platforms.ActiveCfg = Qa|x86
		{ABD6138E-6215-4280-ABD9-374FC8A70942}.Qa|Mixed Platforms.Build.0 = Qa|x86
		{ABD6138E-6215-4280-ABD9-374FC8A70942}.Qa|x86.ActiveCfg = Qa|x86
		{ABD6138E-6215-4280-ABD9-374FC8A70942}.Qa|x86.Build.0 = Qa|x86
		{ABD6138E-6215-4280-ABD9-374FC8A70942}.Release|Any CPU.ActiveCfg = Release|x86
		{ABD6138E-6215-4280-ABD9-374FC8A70942}.Release|Mixed Platforms.ActiveCfg = Release|x86
		{ABD6138E-6215-4280-ABD9-374FC8A70942}.Release|Mixed Platforms.Build.0 = Release|x86
		{ABD6138E-6215-4280-ABD9-374FC8A70942}.Release|x86.ActiveCfg = Release|x86
		{ABD6138E-6215-4280-ABD9-374FC8A70942}.Release|x86.Build.0 = Release|x86
		{ABD6138E-6215-4280-ABD9-374FC8A70942}.Release35|Any CPU.ActiveCfg = Release|x86
		{ABD6138E-6215-4280-ABD9-374FC8A70942}.Release35|Mixed Platforms.ActiveCfg = Release|x86
		{ABD6138E-6215-4280-ABD9-374FC8A70942}.Release35|Mixed Platforms.Build.0 = Release|x86
		{ABD6138E-6215-4280-ABD9-374FC8A70942}.Release35|x86.ActiveCfg = Release|x86
		{ABD6138E-6215-4280-ABD9-374FC8A70942}.Release35|x86.Build.0 = Release|x86
		{ABD6138E-6215-4280-ABD9-374FC8A70942}.ReleaseUnsigned|Any CPU.ActiveCfg = Release|x86
		{ABD6138E-6215-4280-ABD9-374FC8A70942}.ReleaseUnsigned|Mixed Platforms.ActiveCfg = Release|x86
		{ABD6138E-6215-4280-ABD9-374FC8A70942}.ReleaseUnsigned|Mixed Platforms.Build.0 = Release|x86
		{ABD6138E-6215-4280-ABD9-374FC8A70942}.ReleaseUnsigned|x86.ActiveCfg = Release|x86
		{ABD6138E-6215-4280-ABD9-374FC8A70942}.ReleaseUnsigned|x86.Build.0 = Release|x86
		{ABD6138E-6215-4280-ABD9-374FC8A70942}.SI|Any CPU.ActiveCfg = SI|x86
		{ABD6138E-6215-4280-ABD9-374FC8A70942}.SI|Mixed Platforms.ActiveCfg = SI|x86
		{ABD6138E-6215-4280-ABD9-374FC8A70942}.SI|Mixed Platforms.Build.0 = SI|x86
		{ABD6138E-6215-4280-ABD9-374FC8A70942}.SI|x86.ActiveCfg = SI|x86
		{ABD6138E-6215-4280-ABD9-374FC8A70942}.SI|x86.Build.0 = SI|x86
		{9B002752-C3CC-4E96-B03C-0D10D7533842}.Debug|Any CPU.ActiveCfg = Debug|Any CPU
		{9B002752-C3CC-4E96-B03C-0D10D7533842}.Debug|Any CPU.Build.0 = Debug|Any CPU
		{9B002752-C3CC-4E96-B03C-0D10D7533842}.Debug|Mixed Platforms.ActiveCfg = Debug|Any CPU
		{9B002752-C3CC-4E96-B03C-0D10D7533842}.Debug|Mixed Platforms.Build.0 = Debug|Any CPU
		{9B002752-C3CC-4E96-B03C-0D10D7533842}.Debug|x86.ActiveCfg = Debug|Any CPU
		{9B002752-C3CC-4E96-B03C-0D10D7533842}.Dev|Any CPU.ActiveCfg = Debug|Any CPU
		{9B002752-C3CC-4E96-B03C-0D10D7533842}.Dev|Any CPU.Build.0 = Debug|Any CPU
		{9B002752-C3CC-4E96-B03C-0D10D7533842}.Dev|Mixed Platforms.ActiveCfg = Debug|Any CPU
		{9B002752-C3CC-4E96-B03C-0D10D7533842}.Dev|Mixed Platforms.Build.0 = Debug|Any CPU
		{9B002752-C3CC-4E96-B03C-0D10D7533842}.Dev|x86.ActiveCfg = Debug|Any CPU
		{9B002752-C3CC-4E96-B03C-0D10D7533842}.Prod|Any CPU.ActiveCfg = Release|Any CPU
		{9B002752-C3CC-4E96-B03C-0D10D7533842}.Prod|Any CPU.Build.0 = Release|Any CPU
		{9B002752-C3CC-4E96-B03C-0D10D7533842}.Prod|Mixed Platforms.ActiveCfg = Release|Any CPU
		{9B002752-C3CC-4E96-B03C-0D10D7533842}.Prod|Mixed Platforms.Build.0 = Release|Any CPU
		{9B002752-C3CC-4E96-B03C-0D10D7533842}.Prod|x86.ActiveCfg = Release|Any CPU
		{9B002752-C3CC-4E96-B03C-0D10D7533842}.Qa|Any CPU.ActiveCfg = Release|Any CPU
		{9B002752-C3CC-4E96-B03C-0D10D7533842}.Qa|Any CPU.Build.0 = Release|Any CPU
		{9B002752-C3CC-4E96-B03C-0D10D7533842}.Qa|Mixed Platforms.ActiveCfg = Release|Any CPU
		{9B002752-C3CC-4E96-B03C-0D10D7533842}.Qa|Mixed Platforms.Build.0 = Release|Any CPU
		{9B002752-C3CC-4E96-B03C-0D10D7533842}.Qa|x86.ActiveCfg = Release|Any CPU
		{9B002752-C3CC-4E96-B03C-0D10D7533842}.Release|Any CPU.ActiveCfg = Release|Any CPU
		{9B002752-C3CC-4E96-B03C-0D10D7533842}.Release|Any CPU.Build.0 = Release|Any CPU
		{9B002752-C3CC-4E96-B03C-0D10D7533842}.Release|Mixed Platforms.ActiveCfg = Release|Any CPU
		{9B002752-C3CC-4E96-B03C-0D10D7533842}.Release|Mixed Platforms.Build.0 = Release|Any CPU
		{9B002752-C3CC-4E96-B03C-0D10D7533842}.Release|x86.ActiveCfg = Release|Any CPU
		{9B002752-C3CC-4E96-B03C-0D10D7533842}.Release35|Any CPU.ActiveCfg = Release|Any CPU
		{9B002752-C3CC-4E96-B03C-0D10D7533842}.Release35|Any CPU.Build.0 = Release|Any CPU
		{9B002752-C3CC-4E96-B03C-0D10D7533842}.Release35|Mixed Platforms.ActiveCfg = Release|Any CPU
		{9B002752-C3CC-4E96-B03C-0D10D7533842}.Release35|Mixed Platforms.Build.0 = Release|Any CPU
		{9B002752-C3CC-4E96-B03C-0D10D7533842}.Release35|x86.ActiveCfg = Release|Any CPU
		{9B002752-C3CC-4E96-B03C-0D10D7533842}.ReleaseUnsigned|Any CPU.ActiveCfg = Release|Any CPU
		{9B002752-C3CC-4E96-B03C-0D10D7533842}.ReleaseUnsigned|Any CPU.Build.0 = Release|Any CPU
		{9B002752-C3CC-4E96-B03C-0D10D7533842}.ReleaseUnsigned|Mixed Platforms.ActiveCfg = Release|Any CPU
		{9B002752-C3CC-4E96-B03C-0D10D7533842}.ReleaseUnsigned|Mixed Platforms.Build.0 = Release|Any CPU
		{9B002752-C3CC-4E96-B03C-0D10D7533842}.ReleaseUnsigned|x86.ActiveCfg = Release|Any CPU
		{9B002752-C3CC-4E96-B03C-0D10D7533842}.SI|Any CPU.ActiveCfg = Release|Any CPU
		{9B002752-C3CC-4E96-B03C-0D10D7533842}.SI|Any CPU.Build.0 = Release|Any CPU
		{9B002752-C3CC-4E96-B03C-0D10D7533842}.SI|Mixed Platforms.ActiveCfg = Release|Any CPU
		{9B002752-C3CC-4E96-B03C-0D10D7533842}.SI|Mixed Platforms.Build.0 = Release|Any CPU
		{9B002752-C3CC-4E96-B03C-0D10D7533842}.SI|x86.ActiveCfg = Release|Any CPU
		{3C4B5F1A-69AD-415E-9F40-A7FDBD7A3012}.Debug|Any CPU.ActiveCfg = Debug|Any CPU
		{3C4B5F1A-69AD-415E-9F40-A7FDBD7A3012}.Debug|Any CPU.Build.0 = Debug|Any CPU
		{3C4B5F1A-69AD-415E-9F40-A7FDBD7A3012}.Debug|Mixed Platforms.ActiveCfg = Debug|Any CPU
		{3C4B5F1A-69AD-415E-9F40-A7FDBD7A3012}.Debug|Mixed Platforms.Build.0 = Debug|Any CPU
		{3C4B5F1A-69AD-415E-9F40-A7FDBD7A3012}.Debug|x86.ActiveCfg = Debug|Any CPU
		{3C4B5F1A-69AD-415E-9F40-A7FDBD7A3012}.Dev|Any CPU.ActiveCfg = Debug|Any CPU
		{3C4B5F1A-69AD-415E-9F40-A7FDBD7A3012}.Dev|Any CPU.Build.0 = Debug|Any CPU
		{3C4B5F1A-69AD-415E-9F40-A7FDBD7A3012}.Dev|Mixed Platforms.ActiveCfg = Debug|Any CPU
		{3C4B5F1A-69AD-415E-9F40-A7FDBD7A3012}.Dev|Mixed Platforms.Build.0 = Debug|Any CPU
		{3C4B5F1A-69AD-415E-9F40-A7FDBD7A3012}.Dev|x86.ActiveCfg = Debug|Any CPU
		{3C4B5F1A-69AD-415E-9F40-A7FDBD7A3012}.Prod|Any CPU.ActiveCfg = Release|Any CPU
		{3C4B5F1A-69AD-415E-9F40-A7FDBD7A3012}.Prod|Any CPU.Build.0 = Release|Any CPU
		{3C4B5F1A-69AD-415E-9F40-A7FDBD7A3012}.Prod|Mixed Platforms.ActiveCfg = Release|Any CPU
		{3C4B5F1A-69AD-415E-9F40-A7FDBD7A3012}.Prod|Mixed Platforms.Build.0 = Release|Any CPU
		{3C4B5F1A-69AD-415E-9F40-A7FDBD7A3012}.Prod|x86.ActiveCfg = Release|Any CPU
		{3C4B5F1A-69AD-415E-9F40-A7FDBD7A3012}.Qa|Any CPU.ActiveCfg = Release|Any CPU
		{3C4B5F1A-69AD-415E-9F40-A7FDBD7A3012}.Qa|Any CPU.Build.0 = Release|Any CPU
		{3C4B5F1A-69AD-415E-9F40-A7FDBD7A3012}.Qa|Mixed Platforms.ActiveCfg = Release|Any CPU
		{3C4B5F1A-69AD-415E-9F40-A7FDBD7A3012}.Qa|Mixed Platforms.Build.0 = Release|Any CPU
		{3C4B5F1A-69AD-415E-9F40-A7FDBD7A3012}.Qa|x86.ActiveCfg = Release|Any CPU
		{3C4B5F1A-69AD-415E-9F40-A7FDBD7A3012}.Release|Any CPU.ActiveCfg = Release|Any CPU
		{3C4B5F1A-69AD-415E-9F40-A7FDBD7A3012}.Release|Any CPU.Build.0 = Release|Any CPU
		{3C4B5F1A-69AD-415E-9F40-A7FDBD7A3012}.Release|Mixed Platforms.ActiveCfg = Release|Any CPU
		{3C4B5F1A-69AD-415E-9F40-A7FDBD7A3012}.Release|Mixed Platforms.Build.0 = Release|Any CPU
		{3C4B5F1A-69AD-415E-9F40-A7FDBD7A3012}.Release|x86.ActiveCfg = Release|Any CPU
		{3C4B5F1A-69AD-415E-9F40-A7FDBD7A3012}.Release35|Any CPU.ActiveCfg = Release|Any CPU
		{3C4B5F1A-69AD-415E-9F40-A7FDBD7A3012}.Release35|Any CPU.Build.0 = Release|Any CPU
		{3C4B5F1A-69AD-415E-9F40-A7FDBD7A3012}.Release35|Mixed Platforms.ActiveCfg = Release|Any CPU
		{3C4B5F1A-69AD-415E-9F40-A7FDBD7A3012}.Release35|Mixed Platforms.Build.0 = Release|Any CPU
		{3C4B5F1A-69AD-415E-9F40-A7FDBD7A3012}.Release35|x86.ActiveCfg = Release|Any CPU
		{3C4B5F1A-69AD-415E-9F40-A7FDBD7A3012}.ReleaseUnsigned|Any CPU.ActiveCfg = Release|Any CPU
		{3C4B5F1A-69AD-415E-9F40-A7FDBD7A3012}.ReleaseUnsigned|Any CPU.Build.0 = Release|Any CPU
		{3C4B5F1A-69AD-415E-9F40-A7FDBD7A3012}.ReleaseUnsigned|Mixed Platforms.ActiveCfg = Release|Any CPU
		{3C4B5F1A-69AD-415E-9F40-A7FDBD7A3012}.ReleaseUnsigned|Mixed Platforms.Build.0 = Release|Any CPU
		{3C4B5F1A-69AD-415E-9F40-A7FDBD7A3012}.ReleaseUnsigned|x86.ActiveCfg = Release|Any CPU
		{3C4B5F1A-69AD-415E-9F40-A7FDBD7A3012}.SI|Any CPU.ActiveCfg = Release|Any CPU
		{3C4B5F1A-69AD-415E-9F40-A7FDBD7A3012}.SI|Any CPU.Build.0 = Release|Any CPU
		{3C4B5F1A-69AD-415E-9F40-A7FDBD7A3012}.SI|Mixed Platforms.ActiveCfg = Release|Any CPU
		{3C4B5F1A-69AD-415E-9F40-A7FDBD7A3012}.SI|Mixed Platforms.Build.0 = Release|Any CPU
		{3C4B5F1A-69AD-415E-9F40-A7FDBD7A3012}.SI|x86.ActiveCfg = Release|Any CPU
		{9CE51963-9E51-48EE-A75F-62C9CB0CF23C}.Debug|Any CPU.ActiveCfg = Debug|Any CPU
		{9CE51963-9E51-48EE-A75F-62C9CB0CF23C}.Debug|Any CPU.Build.0 = Debug|Any CPU
		{9CE51963-9E51-48EE-A75F-62C9CB0CF23C}.Debug|Mixed Platforms.ActiveCfg = Debug|Any CPU
		{9CE51963-9E51-48EE-A75F-62C9CB0CF23C}.Debug|Mixed Platforms.Build.0 = Debug|Any CPU
		{9CE51963-9E51-48EE-A75F-62C9CB0CF23C}.Debug|x86.ActiveCfg = Debug|Any CPU
		{9CE51963-9E51-48EE-A75F-62C9CB0CF23C}.Dev|Any CPU.ActiveCfg = Debug|Any CPU
		{9CE51963-9E51-48EE-A75F-62C9CB0CF23C}.Dev|Any CPU.Build.0 = Debug|Any CPU
		{9CE51963-9E51-48EE-A75F-62C9CB0CF23C}.Dev|Mixed Platforms.ActiveCfg = Debug|Any CPU
		{9CE51963-9E51-48EE-A75F-62C9CB0CF23C}.Dev|Mixed Platforms.Build.0 = Debug|Any CPU
		{9CE51963-9E51-48EE-A75F-62C9CB0CF23C}.Dev|x86.ActiveCfg = Debug|Any CPU
		{9CE51963-9E51-48EE-A75F-62C9CB0CF23C}.Prod|Any CPU.ActiveCfg = Release|Any CPU
		{9CE51963-9E51-48EE-A75F-62C9CB0CF23C}.Prod|Any CPU.Build.0 = Release|Any CPU
		{9CE51963-9E51-48EE-A75F-62C9CB0CF23C}.Prod|Mixed Platforms.ActiveCfg = Release|Any CPU
		{9CE51963-9E51-48EE-A75F-62C9CB0CF23C}.Prod|Mixed Platforms.Build.0 = Release|Any CPU
		{9CE51963-9E51-48EE-A75F-62C9CB0CF23C}.Prod|x86.ActiveCfg = Release|Any CPU
		{9CE51963-9E51-48EE-A75F-62C9CB0CF23C}.Qa|Any CPU.ActiveCfg = Release|Any CPU
		{9CE51963-9E51-48EE-A75F-62C9CB0CF23C}.Qa|Any CPU.Build.0 = Release|Any CPU
		{9CE51963-9E51-48EE-A75F-62C9CB0CF23C}.Qa|Mixed Platforms.ActiveCfg = Release|Any CPU
		{9CE51963-9E51-48EE-A75F-62C9CB0CF23C}.Qa|Mixed Platforms.Build.0 = Release|Any CPU
		{9CE51963-9E51-48EE-A75F-62C9CB0CF23C}.Qa|x86.ActiveCfg = Release|Any CPU
		{9CE51963-9E51-48EE-A75F-62C9CB0CF23C}.Release|Any CPU.ActiveCfg = Release|Any CPU
		{9CE51963-9E51-48EE-A75F-62C9CB0CF23C}.Release|Any CPU.Build.0 = Release|Any CPU
		{9CE51963-9E51-48EE-A75F-62C9CB0CF23C}.Release|Mixed Platforms.ActiveCfg = Release|Any CPU
		{9CE51963-9E51-48EE-A75F-62C9CB0CF23C}.Release|Mixed Platforms.Build.0 = Release|Any CPU
		{9CE51963-9E51-48EE-A75F-62C9CB0CF23C}.Release|x86.ActiveCfg = Release|Any CPU
		{9CE51963-9E51-48EE-A75F-62C9CB0CF23C}.Release35|Any CPU.ActiveCfg = Release|Any CPU
		{9CE51963-9E51-48EE-A75F-62C9CB0CF23C}.Release35|Any CPU.Build.0 = Release|Any CPU
		{9CE51963-9E51-48EE-A75F-62C9CB0CF23C}.Release35|Mixed Platforms.ActiveCfg = Release|Any CPU
		{9CE51963-9E51-48EE-A75F-62C9CB0CF23C}.Release35|Mixed Platforms.Build.0 = Release|Any CPU
		{9CE51963-9E51-48EE-A75F-62C9CB0CF23C}.Release35|x86.ActiveCfg = Release|Any CPU
		{9CE51963-9E51-48EE-A75F-62C9CB0CF23C}.ReleaseUnsigned|Any CPU.ActiveCfg = Release|Any CPU
		{9CE51963-9E51-48EE-A75F-62C9CB0CF23C}.ReleaseUnsigned|Any CPU.Build.0 = Release|Any CPU
		{9CE51963-9E51-48EE-A75F-62C9CB0CF23C}.ReleaseUnsigned|Mixed Platforms.ActiveCfg = Release|Any CPU
		{9CE51963-9E51-48EE-A75F-62C9CB0CF23C}.ReleaseUnsigned|Mixed Platforms.Build.0 = Release|Any CPU
		{9CE51963-9E51-48EE-A75F-62C9CB0CF23C}.ReleaseUnsigned|x86.ActiveCfg = Release|Any CPU
		{9CE51963-9E51-48EE-A75F-62C9CB0CF23C}.SI|Any CPU.ActiveCfg = Release|Any CPU
		{9CE51963-9E51-48EE-A75F-62C9CB0CF23C}.SI|Any CPU.Build.0 = Release|Any CPU
		{9CE51963-9E51-48EE-A75F-62C9CB0CF23C}.SI|Mixed Platforms.ActiveCfg = Release|Any CPU
		{9CE51963-9E51-48EE-A75F-62C9CB0CF23C}.SI|Mixed Platforms.Build.0 = Release|Any CPU
		{9CE51963-9E51-48EE-A75F-62C9CB0CF23C}.SI|x86.ActiveCfg = Release|Any CPU
	EndGlobalSection
	GlobalSection(SolutionProperties) = preSolution
		HideSolutionNode = FALSE
	EndGlobalSection
	GlobalSection(NestedProjects) = preSolution
		{A31F2C6B-C806-46FD-A4F3-C54209DD495C} = {6C61507E-FF16-45C8-8FE4-350069D9B4C1}
		{9CE51963-9E51-48EE-A75F-62C9CB0CF23C} = {6C61507E-FF16-45C8-8FE4-350069D9B4C1}
		{76646B96-936B-4D31-A053-35CD630E3C68} = {4D626E2C-218B-47F6-BAA4-DBD792413BF4}
		{CABB4486-07CC-4C1C-9ECB-592EB5DD39B3} = {4D626E2C-218B-47F6-BAA4-DBD792413BF4}
		{ABD6138E-6215-4280-ABD9-374FC8A70942} = {4D626E2C-218B-47F6-BAA4-DBD792413BF4}
		{9B002752-C3CC-4E96-B03C-0D10D7533842} = {4D626E2C-218B-47F6-BAA4-DBD792413BF4}
		{3C4B5F1A-69AD-415E-9F40-A7FDBD7A3012} = {4D626E2C-218B-47F6-BAA4-DBD792413BF4}
		{910594A6-E942-4985-B248-6DDB17D316B6} = {02C3B269-A00C-42D9-B4E8-EA7E6C233EBB}
		{8D2BE372-A756-4676-B2EA-ED7846809BFE} = {6A938565-BEE9-434C-9A1A-CD2905907554}
		{F802655A-D5EC-4031-B21F-A3EECCBE02A5} = {6A938565-BEE9-434C-9A1A-CD2905907554}
	EndGlobalSection
	GlobalSection(ExtensibilityGlobals) = postSolution
		EnterpriseLibraryConfigurationToolBinariesPath = packages\Unity.2.1.505.2\lib\NET35
	EndGlobalSection
EndGlobal
