
Microsoft Visual Studio Solution File, Format Version 12.00
# Visual Studio 2013
VisualStudioVersion = 12.0.30723.0
MinimumVisualStudioVersion = 10.0.40219.1
Project("{FAE04EC0-301F-11D3-BF4B-00C04F79EFBC}") = "Burrows", "Burrows\Burrows.csproj", "{6EFD69FC-CBCC-4F85-AEE0-EFBA73F4D273}"
EndProject
Project("{2150E333-8FDC-42A3-9474-1A3956D46DE8}") = "Loggers", "Loggers", "{6A938565-BEE9-434C-9A1A-CD2905907554}"
EndProject
Project("{2150E333-8FDC-42A3-9474-1A3956D46DE8}") = ".nuget", ".nuget", "{F4FCFE87-B119-440C-AA55-12E046E6586F}"
	ProjectSection(SolutionItems) = preProject
		.nuget\NuGet.Config = .nuget\NuGet.Config
		.nuget\NuGet.exe = .nuget\NuGet.exe
		.nuget\NuGet.targets = .nuget\NuGet.targets
	EndProjectSection
EndProject
Project("{2150E333-8FDC-42A3-9474-1A3956D46DE8}") = ".docs", ".docs", "{91BB4AAF-89B2-4B2A-B661-FBFEBD63AA4B}"
	ProjectSection(SolutionItems) = preProject
		..\README.md = ..\README.md
	EndProjectSection
EndProject
Project("{FAE04EC0-301F-11D3-BF4B-00C04F79EFBC}") = "Burrows.Protobuf", "Burrows.Protobuf\Burrows.Protobuf.csproj", "{27C9D944-3155-4147-9116-C3B84835F375}"
EndProject
Global
	GlobalSection(SolutionConfigurationPlatforms) = preSolution
		Debug|Any CPU = Debug|Any CPU
		Debug|Mixed Platforms = Debug|Mixed Platforms
		Debug|x86 = Debug|x86
		Release|Any CPU = Release|Any CPU
		Release|Mixed Platforms = Release|Mixed Platforms
		Release|x86 = Release|x86
	EndGlobalSection
	GlobalSection(ProjectConfigurationPlatforms) = postSolution
		{6EFD69FC-CBCC-4F85-AEE0-EFBA73F4D273}.Debug|Any CPU.ActiveCfg = Debug|Any CPU
		{6EFD69FC-CBCC-4F85-AEE0-EFBA73F4D273}.Debug|Any CPU.Build.0 = Debug|Any CPU
		{6EFD69FC-CBCC-4F85-AEE0-EFBA73F4D273}.Debug|Mixed Platforms.ActiveCfg = Debug|Any CPU
		{6EFD69FC-CBCC-4F85-AEE0-EFBA73F4D273}.Debug|Mixed Platforms.Build.0 = Debug|Any CPU
		{6EFD69FC-CBCC-4F85-AEE0-EFBA73F4D273}.Debug|x86.ActiveCfg = Debug|Any CPU
		{6EFD69FC-CBCC-4F85-AEE0-EFBA73F4D273}.Release|Any CPU.ActiveCfg = Release|Any CPU
		{6EFD69FC-CBCC-4F85-AEE0-EFBA73F4D273}.Release|Any CPU.Build.0 = Release|Any CPU
		{6EFD69FC-CBCC-4F85-AEE0-EFBA73F4D273}.Release|Mixed Platforms.ActiveCfg = Release|Any CPU
		{6EFD69FC-CBCC-4F85-AEE0-EFBA73F4D273}.Release|Mixed Platforms.Build.0 = Release|Any CPU
		{6EFD69FC-CBCC-4F85-AEE0-EFBA73F4D273}.Release|x86.ActiveCfg = Release|Any CPU
		{27C9D944-3155-4147-9116-C3B84835F375}.Debug|Any CPU.ActiveCfg = Debug|Any CPU
		{27C9D944-3155-4147-9116-C3B84835F375}.Debug|Any CPU.Build.0 = Debug|Any CPU
		{27C9D944-3155-4147-9116-C3B84835F375}.Debug|Mixed Platforms.ActiveCfg = Debug|Any CPU
		{27C9D944-3155-4147-9116-C3B84835F375}.Debug|Mixed Platforms.Build.0 = Debug|Any CPU
		{27C9D944-3155-4147-9116-C3B84835F375}.Debug|x86.ActiveCfg = Debug|Any CPU
		{27C9D944-3155-4147-9116-C3B84835F375}.Release|Any CPU.ActiveCfg = Release|Any CPU
		{27C9D944-3155-4147-9116-C3B84835F375}.Release|Any CPU.Build.0 = Release|Any CPU
		{27C9D944-3155-4147-9116-C3B84835F375}.Release|Mixed Platforms.ActiveCfg = Release|Any CPU
		{27C9D944-3155-4147-9116-C3B84835F375}.Release|Mixed Platforms.Build.0 = Release|Any CPU
		{27C9D944-3155-4147-9116-C3B84835F375}.Release|x86.ActiveCfg = Release|Any CPU
	EndGlobalSection
	GlobalSection(SolutionProperties) = preSolution
		HideSolutionNode = FALSE
	EndGlobalSection
	GlobalSection(ExtensibilityGlobals) = postSolution
		EnterpriseLibraryConfigurationToolBinariesPath = packages\Unity.2.1.505.2\lib\NET35
	EndGlobalSection
EndGlobal
